
Microsoft Visual Studio Solution File, Format Version 12.00
# Visual Studio Version 17
VisualStudioVersion = 17.8.34511.84
MinimumVisualStudioVersion = 10.0.40219.1
Project("{FAE04EC0-301F-11D3-BF4B-00C04F79EFBC}") = "EcnesLibrary", "EcnesLibrary\EcnesLibrary.csproj", "{AC088E47-185B-4BF4-942A-92DF9504977C}"
EndProject
Global
	GlobalSection(SolutionConfigurationPlatforms) = preSolution
		Debug|Any CPU = Debug|Any CPU
		Release|Any CPU = Release|Any CPU
	EndGlobalSection
	GlobalSection(ProjectConfigurationPlatforms) = postSolution
		{AC088E47-185B-4BF4-942A-92DF9504977C}.Debug|Any CPU.ActiveCfg = Debug|Any CPU
		{AC088E47-185B-4BF4-942A-92DF9504977C}.Debug|Any CPU.Build.0 = Debug|Any CPU
		{AC088E47-185B-4BF4-942A-92DF9504977C}.Release|Any CPU.ActiveCfg = Release|Any CPU
		{AC088E47-185B-4BF4-942A-92DF9504977C}.Release|Any CPU.Build.0 = Release|Any CPU
	EndGlobalSection
	GlobalSection(SolutionProperties) = preSolution
		HideSolutionNode = FALSE
	EndGlobalSection
	GlobalSection(ExtensibilityGlobals) = postSolution
		SolutionGuid = {9574C79C-9812-41A0-8DE4-C698B68D05FF}
	EndGlobalSection
EndGlobal
